
Microsoft Visual Studio Solution File, Format Version 12.00
# Visual Studio Version 16
VisualStudioVersion = 16.0.29102.190
MinimumVisualStudioVersion = 10.0.40219.1
Project("{9A19103F-16F7-4668-BE54-9A1E7A4F7556}") = "CuriousDriveWebAPI_V1", "CuriousDriveWebAPI_V1\CuriousDriveWebAPI_V1.csproj", "{C951C8F6-2B69-402E-A234-B9DA1437B3DD}"
EndProject
Project("{9A19103F-16F7-4668-BE54-9A1E7A4F7556}") = "CuriousDriveWebClient_V1", "CuriousDriveWebClient_V1\CuriousDriveWebClient_V1\CuriousDriveWebClient_V1.csproj", "{85085847-7F28-4833-985B-5901333B5DF3}"
EndProject
Project("{9A19103F-16F7-4668-BE54-9A1E7A4F7556}") = "CuriousDriveWebPortal_V1", "CuriousDriveWebPortal_V1\CuriousDriveWebPortal_V1.csproj", "{A48EFE38-2750-47F8-AF2B-878748531022}"
EndProject
Project("{FAE04EC0-301F-11D3-BF4B-00C04F79EFBC}") = "CuriousDriveMobileApp.Android", "CuriousDriveMobileApp\CuriousDriveMobileApp.Android\CuriousDriveMobileApp.Android.csproj", "{66F7A824-CD0A-4518-94DA-85FE0FFF56B0}"
EndProject
Project("{FAE04EC0-301F-11D3-BF4B-00C04F79EFBC}") = "CuriousDriveMobileApp.iOS", "CuriousDriveMobileApp\CuriousDriveMobileApp.iOS\CuriousDriveMobileApp.iOS.csproj", "{63268A27-BB6E-42D8-AB6C-E2219FB752D6}"
EndProject
Project("{FAE04EC0-301F-11D3-BF4B-00C04F79EFBC}") = "CuriousDriveMobileApp", "CuriousDriveMobileApp\CuriousDriveMobileApp\CuriousDriveMobileApp.csproj", "{3188F995-70D3-412C-B755-62941F9B580F}"
EndProject
Global
	GlobalSection(SolutionConfigurationPlatforms) = preSolution
		Ad-Hoc|Any CPU = Ad-Hoc|Any CPU
		Ad-Hoc|iPhone = Ad-Hoc|iPhone
		Ad-Hoc|iPhoneSimulator = Ad-Hoc|iPhoneSimulator
		AppStore|Any CPU = AppStore|Any CPU
		AppStore|iPhone = AppStore|iPhone
		AppStore|iPhoneSimulator = AppStore|iPhoneSimulator
		Debug|Any CPU = Debug|Any CPU
		Debug|iPhone = Debug|iPhone
		Debug|iPhoneSimulator = Debug|iPhoneSimulator
		Release|Any CPU = Release|Any CPU
		Release|iPhone = Release|iPhone
		Release|iPhoneSimulator = Release|iPhoneSimulator
	EndGlobalSection
	GlobalSection(ProjectConfigurationPlatforms) = postSolution
		{C951C8F6-2B69-402E-A234-B9DA1437B3DD}.Ad-Hoc|Any CPU.ActiveCfg = Debug|Any CPU
		{C951C8F6-2B69-402E-A234-B9DA1437B3DD}.Ad-Hoc|Any CPU.Build.0 = Debug|Any CPU
		{C951C8F6-2B69-402E-A234-B9DA1437B3DD}.Ad-Hoc|iPhone.ActiveCfg = Debug|Any CPU
		{C951C8F6-2B69-402E-A234-B9DA1437B3DD}.Ad-Hoc|iPhone.Build.0 = Debug|Any CPU
		{C951C8F6-2B69-402E-A234-B9DA1437B3DD}.Ad-Hoc|iPhoneSimulator.ActiveCfg = Debug|Any CPU
		{C951C8F6-2B69-402E-A234-B9DA1437B3DD}.Ad-Hoc|iPhoneSimulator.Build.0 = Debug|Any CPU
		{C951C8F6-2B69-402E-A234-B9DA1437B3DD}.AppStore|Any CPU.ActiveCfg = Debug|Any CPU
		{C951C8F6-2B69-402E-A234-B9DA1437B3DD}.AppStore|Any CPU.Build.0 = Debug|Any CPU
		{C951C8F6-2B69-402E-A234-B9DA1437B3DD}.AppStore|iPhone.ActiveCfg = Debug|Any CPU
		{C951C8F6-2B69-402E-A234-B9DA1437B3DD}.AppStore|iPhone.Build.0 = Debug|Any CPU
		{C951C8F6-2B69-402E-A234-B9DA1437B3DD}.AppStore|iPhoneSimulator.ActiveCfg = Debug|Any CPU
		{C951C8F6-2B69-402E-A234-B9DA1437B3DD}.AppStore|iPhoneSimulator.Build.0 = Debug|Any CPU
		{C951C8F6-2B69-402E-A234-B9DA1437B3DD}.Debug|Any CPU.ActiveCfg = Debug|Any CPU
		{C951C8F6-2B69-402E-A234-B9DA1437B3DD}.Debug|Any CPU.Build.0 = Debug|Any CPU
		{C951C8F6-2B69-402E-A234-B9DA1437B3DD}.Debug|iPhone.ActiveCfg = Debug|Any CPU
		{C951C8F6-2B69-402E-A234-B9DA1437B3DD}.Debug|iPhone.Build.0 = Debug|Any CPU
		{C951C8F6-2B69-402E-A234-B9DA1437B3DD}.Debug|iPhoneSimulator.ActiveCfg = Debug|Any CPU
		{C951C8F6-2B69-402E-A234-B9DA1437B3DD}.Debug|iPhoneSimulator.Build.0 = Debug|Any CPU
		{C951C8F6-2B69-402E-A234-B9DA1437B3DD}.Release|Any CPU.ActiveCfg = Release|Any CPU
		{C951C8F6-2B69-402E-A234-B9DA1437B3DD}.Release|Any CPU.Build.0 = Release|Any CPU
		{C951C8F6-2B69-402E-A234-B9DA1437B3DD}.Release|iPhone.ActiveCfg = Release|Any CPU
		{C951C8F6-2B69-402E-A234-B9DA1437B3DD}.Release|iPhone.Build.0 = Release|Any CPU
		{C951C8F6-2B69-402E-A234-B9DA1437B3DD}.Release|iPhoneSimulator.ActiveCfg = Release|Any CPU
		{C951C8F6-2B69-402E-A234-B9DA1437B3DD}.Release|iPhoneSimulator.Build.0 = Release|Any CPU
		{85085847-7F28-4833-985B-5901333B5DF3}.Ad-Hoc|Any CPU.ActiveCfg = Debug|Any CPU
		{85085847-7F28-4833-985B-5901333B5DF3}.Ad-Hoc|Any CPU.Build.0 = Debug|Any CPU
		{85085847-7F28-4833-985B-5901333B5DF3}.Ad-Hoc|iPhone.ActiveCfg = Debug|Any CPU
		{85085847-7F28-4833-985B-5901333B5DF3}.Ad-Hoc|iPhone.Build.0 = Debug|Any CPU
		{85085847-7F28-4833-985B-5901333B5DF3}.Ad-Hoc|iPhoneSimulator.ActiveCfg = Debug|Any CPU
		{85085847-7F28-4833-985B-5901333B5DF3}.Ad-Hoc|iPhoneSimulator.Build.0 = Debug|Any CPU
		{85085847-7F28-4833-985B-5901333B5DF3}.AppStore|Any CPU.ActiveCfg = Debug|Any CPU
		{85085847-7F28-4833-985B-5901333B5DF3}.AppStore|Any CPU.Build.0 = Debug|Any CPU
		{85085847-7F28-4833-985B-5901333B5DF3}.AppStore|iPhone.ActiveCfg = Debug|Any CPU
		{85085847-7F28-4833-985B-5901333B5DF3}.AppStore|iPhone.Build.0 = Debug|Any CPU
		{85085847-7F28-4833-985B-5901333B5DF3}.AppStore|iPhoneSimulator.ActiveCfg = Debug|Any CPU
		{85085847-7F28-4833-985B-5901333B5DF3}.AppStore|iPhoneSimulator.Build.0 = Debug|Any CPU
		{85085847-7F28-4833-985B-5901333B5DF3}.Debug|Any CPU.ActiveCfg = Debug|Any CPU
		{85085847-7F28-4833-985B-5901333B5DF3}.Debug|Any CPU.Build.0 = Debug|Any CPU
		{85085847-7F28-4833-985B-5901333B5DF3}.Debug|iPhone.ActiveCfg = Debug|Any CPU
		{85085847-7F28-4833-985B-5901333B5DF3}.Debug|iPhone.Build.0 = Debug|Any CPU
		{85085847-7F28-4833-985B-5901333B5DF3}.Debug|iPhoneSimulator.ActiveCfg = Debug|Any CPU
		{85085847-7F28-4833-985B-5901333B5DF3}.Debug|iPhoneSimulator.Build.0 = Debug|Any CPU
		{85085847-7F28-4833-985B-5901333B5DF3}.Release|Any CPU.ActiveCfg = Release|Any CPU
		{85085847-7F28-4833-985B-5901333B5DF3}.Release|Any CPU.Build.0 = Release|Any CPU
		{85085847-7F28-4833-985B-5901333B5DF3}.Release|iPhone.ActiveCfg = Release|Any CPU
		{85085847-7F28-4833-985B-5901333B5DF3}.Release|iPhone.Build.0 = Release|Any CPU
		{85085847-7F28-4833-985B-5901333B5DF3}.Release|iPhoneSimulator.ActiveCfg = Release|Any CPU
		{85085847-7F28-4833-985B-5901333B5DF3}.Release|iPhoneSimulator.Build.0 = Release|Any CPU
		{A48EFE38-2750-47F8-AF2B-878748531022}.Ad-Hoc|Any CPU.ActiveCfg = Debug|Any CPU
		{A48EFE38-2750-47F8-AF2B-878748531022}.Ad-Hoc|Any CPU.Build.0 = Debug|Any CPU
		{A48EFE38-2750-47F8-AF2B-878748531022}.Ad-Hoc|iPhone.ActiveCfg = Debug|Any CPU
		{A48EFE38-2750-47F8-AF2B-878748531022}.Ad-Hoc|iPhone.Build.0 = Debug|Any CPU
		{A48EFE38-2750-47F8-AF2B-878748531022}.Ad-Hoc|iPhoneSimulator.ActiveCfg = Debug|Any CPU
		{A48EFE38-2750-47F8-AF2B-878748531022}.Ad-Hoc|iPhoneSimulator.Build.0 = Debug|Any CPU
		{A48EFE38-2750-47F8-AF2B-878748531022}.AppStore|Any CPU.ActiveCfg = Debug|Any CPU
		{A48EFE38-2750-47F8-AF2B-878748531022}.AppStore|Any CPU.Build.0 = Debug|Any CPU
		{A48EFE38-2750-47F8-AF2B-878748531022}.AppStore|iPhone.ActiveCfg = Debug|Any CPU
		{A48EFE38-2750-47F8-AF2B-878748531022}.AppStore|iPhone.Build.0 = Debug|Any CPU
		{A48EFE38-2750-47F8-AF2B-878748531022}.AppStore|iPhoneSimulator.ActiveCfg = Debug|Any CPU
		{A48EFE38-2750-47F8-AF2B-878748531022}.AppStore|iPhoneSimulator.Build.0 = Debug|Any CPU
		{A48EFE38-2750-47F8-AF2B-878748531022}.Debug|Any CPU.ActiveCfg = Debug|Any CPU
		{A48EFE38-2750-47F8-AF2B-878748531022}.Debug|Any CPU.Build.0 = Debug|Any CPU
		{A48EFE38-2750-47F8-AF2B-878748531022}.Debug|iPhone.ActiveCfg = Debug|Any CPU
		{A48EFE38-2750-47F8-AF2B-878748531022}.Debug|iPhone.Build.0 = Debug|Any CPU
		{A48EFE38-2750-47F8-AF2B-878748531022}.Debug|iPhoneSimulator.ActiveCfg = Debug|Any CPU
		{A48EFE38-2750-47F8-AF2B-878748531022}.Debug|iPhoneSimulator.Build.0 = Debug|Any CPU
		{A48EFE38-2750-47F8-AF2B-878748531022}.Release|Any CPU.ActiveCfg = Release|Any CPU
		{A48EFE38-2750-47F8-AF2B-878748531022}.Release|Any CPU.Build.0 = Release|Any CPU
		{A48EFE38-2750-47F8-AF2B-878748531022}.Release|iPhone.ActiveCfg = Release|Any CPU
		{A48EFE38-2750-47F8-AF2B-878748531022}.Release|iPhone.Build.0 = Release|Any CPU
		{A48EFE38-2750-47F8-AF2B-878748531022}.Release|iPhoneSimulator.ActiveCfg = Release|Any CPU
		{A48EFE38-2750-47F8-AF2B-878748531022}.Release|iPhoneSimulator.Build.0 = Release|Any CPU
		{66F7A824-CD0A-4518-94DA-85FE0FFF56B0}.Ad-Hoc|Any CPU.ActiveCfg = Release|Any CPU
		{66F7A824-CD0A-4518-94DA-85FE0FFF56B0}.Ad-Hoc|Any CPU.Build.0 = Release|Any CPU
		{66F7A824-CD0A-4518-94DA-85FE0FFF56B0}.Ad-Hoc|Any CPU.Deploy.0 = Release|Any CPU
		{66F7A824-CD0A-4518-94DA-85FE0FFF56B0}.Ad-Hoc|iPhone.ActiveCfg = Release|Any CPU
		{66F7A824-CD0A-4518-94DA-85FE0FFF56B0}.Ad-Hoc|iPhone.Build.0 = Release|Any CPU
		{66F7A824-CD0A-4518-94DA-85FE0FFF56B0}.Ad-Hoc|iPhone.Deploy.0 = Release|Any CPU
		{66F7A824-CD0A-4518-94DA-85FE0FFF56B0}.Ad-Hoc|iPhoneSimulator.ActiveCfg = Release|Any CPU
		{66F7A824-CD0A-4518-94DA-85FE0FFF56B0}.Ad-Hoc|iPhoneSimulator.Build.0 = Release|Any CPU
		{66F7A824-CD0A-4518-94DA-85FE0FFF56B0}.Ad-Hoc|iPhoneSimulator.Deploy.0 = Release|Any CPU
		{66F7A824-CD0A-4518-94DA-85FE0FFF56B0}.AppStore|Any CPU.ActiveCfg = Release|Any CPU
		{66F7A824-CD0A-4518-94DA-85FE0FFF56B0}.AppStore|Any CPU.Build.0 = Release|Any CPU
		{66F7A824-CD0A-4518-94DA-85FE0FFF56B0}.AppStore|Any CPU.Deploy.0 = Release|Any CPU
		{66F7A824-CD0A-4518-94DA-85FE0FFF56B0}.AppStore|iPhone.ActiveCfg = Release|Any CPU
		{66F7A824-CD0A-4518-94DA-85FE0FFF56B0}.AppStore|iPhone.Build.0 = Release|Any CPU
		{66F7A824-CD0A-4518-94DA-85FE0FFF56B0}.AppStore|iPhone.Deploy.0 = Release|Any CPU
		{66F7A824-CD0A-4518-94DA-85FE0FFF56B0}.AppStore|iPhoneSimulator.ActiveCfg = Release|Any CPU
		{66F7A824-CD0A-4518-94DA-85FE0FFF56B0}.AppStore|iPhoneSimulator.Build.0 = Release|Any CPU
		{66F7A824-CD0A-4518-94DA-85FE0FFF56B0}.AppStore|iPhoneSimulator.Deploy.0 = Release|Any CPU
		{66F7A824-CD0A-4518-94DA-85FE0FFF56B0}.Debug|Any CPU.ActiveCfg = Debug|Any CPU
		{66F7A824-CD0A-4518-94DA-85FE0FFF56B0}.Debug|Any CPU.Build.0 = Debug|Any CPU
		{66F7A824-CD0A-4518-94DA-85FE0FFF56B0}.Debug|Any CPU.Deploy.0 = Debug|Any CPU
		{66F7A824-CD0A-4518-94DA-85FE0FFF56B0}.Debug|iPhone.ActiveCfg = Debug|Any CPU
		{66F7A824-CD0A-4518-94DA-85FE0FFF56B0}.Debug|iPhone.Build.0 = Debug|Any CPU
		{66F7A824-CD0A-4518-94DA-85FE0FFF56B0}.Debug|iPhone.Deploy.0 = Debug|Any CPU
		{66F7A824-CD0A-4518-94DA-85FE0FFF56B0}.Debug|iPhoneSimulator.ActiveCfg = Debug|Any CPU
		{66F7A824-CD0A-4518-94DA-85FE0FFF56B0}.Debug|iPhoneSimulator.Build.0 = Debug|Any CPU
		{66F7A824-CD0A-4518-94DA-85FE0FFF56B0}.Debug|iPhoneSimulator.Deploy.0 = Debug|Any CPU
		{66F7A824-CD0A-4518-94DA-85FE0FFF56B0}.Release|Any CPU.ActiveCfg = Release|Any CPU
		{66F7A824-CD0A-4518-94DA-85FE0FFF56B0}.Release|Any CPU.Build.0 = Release|Any CPU
		{66F7A824-CD0A-4518-94DA-85FE0FFF56B0}.Release|Any CPU.Deploy.0 = Release|Any CPU
		{66F7A824-CD0A-4518-94DA-85FE0FFF56B0}.Release|iPhone.ActiveCfg = Release|Any CPU
		{66F7A824-CD0A-4518-94DA-85FE0FFF56B0}.Release|iPhone.Build.0 = Release|Any CPU
		{66F7A824-CD0A-4518-94DA-85FE0FFF56B0}.Release|iPhone.Deploy.0 = Release|Any CPU
		{66F7A824-CD0A-4518-94DA-85FE0FFF56B0}.Release|iPhoneSimulator.ActiveCfg = Release|Any CPU
		{66F7A824-CD0A-4518-94DA-85FE0FFF56B0}.Release|iPhoneSimulator.Build.0 = Release|Any CPU
		{66F7A824-CD0A-4518-94DA-85FE0FFF56B0}.Release|iPhoneSimulator.Deploy.0 = Release|Any CPU
		{63268A27-BB6E-42D8-AB6C-E2219FB752D6}.Ad-Hoc|Any CPU.ActiveCfg = Release|iPhone
		{63268A27-BB6E-42D8-AB6C-E2219FB752D6}.Ad-Hoc|Any CPU.Build.0 = Release|iPhone
		{63268A27-BB6E-42D8-AB6C-E2219FB752D6}.Ad-Hoc|iPhone.ActiveCfg = Release|iPhone
		{63268A27-BB6E-42D8-AB6C-E2219FB752D6}.Ad-Hoc|iPhone.Build.0 = Release|iPhone
		{63268A27-BB6E-42D8-AB6C-E2219FB752D6}.Ad-Hoc|iPhoneSimulator.ActiveCfg = Release|iPhoneSimulator
		{63268A27-BB6E-42D8-AB6C-E2219FB752D6}.Ad-Hoc|iPhoneSimulator.Build.0 = Release|iPhoneSimulator
		{63268A27-BB6E-42D8-AB6C-E2219FB752D6}.AppStore|Any CPU.ActiveCfg = Release|iPhone
		{63268A27-BB6E-42D8-AB6C-E2219FB752D6}.AppStore|Any CPU.Build.0 = Release|iPhone
		{63268A27-BB6E-42D8-AB6C-E2219FB752D6}.AppStore|iPhone.ActiveCfg = Release|iPhone
		{63268A27-BB6E-42D8-AB6C-E2219FB752D6}.AppStore|iPhone.Build.0 = Release|iPhone
		{63268A27-BB6E-42D8-AB6C-E2219FB752D6}.AppStore|iPhoneSimulator.ActiveCfg = Release|iPhoneSimulator
		{63268A27-BB6E-42D8-AB6C-E2219FB752D6}.AppStore|iPhoneSimulator.Build.0 = Release|iPhoneSimulator
		{63268A27-BB6E-42D8-AB6C-E2219FB752D6}.Debug|Any CPU.ActiveCfg = Debug|iPhone
		{63268A27-BB6E-42D8-AB6C-E2219FB752D6}.Debug|iPhone.ActiveCfg = Debug|iPhone
		{63268A27-BB6E-42D8-AB6C-E2219FB752D6}.Debug|iPhone.Build.0 = Debug|iPhone
		{63268A27-BB6E-42D8-AB6C-E2219FB752D6}.Debug|iPhoneSimulator.ActiveCfg = Debug|iPhoneSimulator
		{63268A27-BB6E-42D8-AB6C-E2219FB752D6}.Debug|iPhoneSimulator.Build.0 = Debug|iPhoneSimulator
		{63268A27-BB6E-42D8-AB6C-E2219FB752D6}.Release|Any CPU.ActiveCfg = Release|iPhone
		{63268A27-BB6E-42D8-AB6C-E2219FB752D6}.Release|iPhone.ActiveCfg = Release|iPhone
		{63268A27-BB6E-42D8-AB6C-E2219FB752D6}.Release|iPhone.Build.0 = Release|iPhone
		{63268A27-BB6E-42D8-AB6C-E2219FB752D6}.Release|iPhoneSimulator.ActiveCfg = Release|iPhoneSimulator
		{63268A27-BB6E-42D8-AB6C-E2219FB752D6}.Release|iPhoneSimulator.Build.0 = Release|iPhoneSimulator
		{3188F995-70D3-412C-B755-62941F9B580F}.Ad-Hoc|Any CPU.ActiveCfg = Debug|Any CPU
		{3188F995-70D3-412C-B755-62941F9B580F}.Ad-Hoc|Any CPU.Build.0 = Debug|Any CPU
		{3188F995-70D3-412C-B755-62941F9B580F}.Ad-Hoc|iPhone.ActiveCfg = Debug|Any CPU
		{3188F995-70D3-412C-B755-62941F9B580F}.Ad-Hoc|iPhone.Build.0 = Debug|Any CPU
		{3188F995-70D3-412C-B755-62941F9B580F}.Ad-Hoc|iPhoneSimulator.ActiveCfg = Debug|Any CPU
		{3188F995-70D3-412C-B755-62941F9B580F}.Ad-Hoc|iPhoneSimulator.Build.0 = Debug|Any CPU
		{3188F995-70D3-412C-B755-62941F9B580F}.AppStore|Any CPU.ActiveCfg = Debug|Any CPU
		{3188F995-70D3-412C-B755-62941F9B580F}.AppStore|Any CPU.Build.0 = Debug|Any CPU
		{3188F995-70D3-412C-B755-62941F9B580F}.AppStore|iPhone.ActiveCfg = Debug|Any CPU
		{3188F995-70D3-412C-B755-62941F9B580F}.AppStore|iPhone.Build.0 = Debug|Any CPU
		{3188F995-70D3-412C-B755-62941F9B580F}.AppStore|iPhoneSimulator.ActiveCfg = Debug|Any CPU
		{3188F995-70D3-412C-B755-62941F9B580F}.AppStore|iPhoneSimulator.Build.0 = Debug|Any CPU
		{3188F995-70D3-412C-B755-62941F9B580F}.Debug|Any CPU.ActiveCfg = Debug|Any CPU
		{3188F995-70D3-412C-B755-62941F9B580F}.Debug|Any CPU.Build.0 = Debug|Any CPU
		{3188F995-70D3-412C-B755-62941F9B580F}.Debug|iPhone.ActiveCfg = Debug|Any CPU
		{3188F995-70D3-412C-B755-62941F9B580F}.Debug|iPhone.Build.0 = Debug|Any CPU
		{3188F995-70D3-412C-B755-62941F9B580F}.Debug|iPhoneSimulator.ActiveCfg = Debug|Any CPU
		{3188F995-70D3-412C-B755-62941F9B580F}.Debug|iPhoneSimulator.Build.0 = Debug|Any CPU
		{3188F995-70D3-412C-B755-62941F9B580F}.Release|Any CPU.ActiveCfg = Release|Any CPU
		{3188F995-70D3-412C-B755-62941F9B580F}.Release|Any CPU.Build.0 = Release|Any CPU
		{3188F995-70D3-412C-B755-62941F9B580F}.Release|iPhone.ActiveCfg = Release|Any CPU
		{3188F995-70D3-412C-B755-62941F9B580F}.Release|iPhone.Build.0 = Release|Any CPU
		{3188F995-70D3-412C-B755-62941F9B580F}.Release|iPhoneSimulator.ActiveCfg = Release|Any CPU
		{3188F995-70D3-412C-B755-62941F9B580F}.Release|iPhoneSimulator.Build.0 = Release|Any CPU
	EndGlobalSection
	GlobalSection(SolutionProperties) = preSolution
		HideSolutionNode = FALSE
	EndGlobalSection
	GlobalSection(ExtensibilityGlobals) = postSolution
		SolutionGuid = {6CF567D0-09F7-4393-A330-3BEFDDEF93C3}
	EndGlobalSection
EndGlobal
