
Microsoft Visual Studio Solution File, Format Version 12.00
# Visual Studio Version 16
VisualStudioVersion = 16.0.29728.190
MinimumVisualStudioVersion = 10.0.40219.1
Project("{FAE04EC0-301F-11D3-BF4B-00C04F79EFBC}") = "OutOfBoxAuthentication", "OutOfBoxAuthentication\OutOfBoxAuthentication.csproj", "{A177C9CA-4B84-43F9-8B56-BF18A20B3FB1}"
EndProject
Global
	GlobalSection(SolutionConfigurationPlatforms) = preSolution
		Debug|Any CPU = Debug|Any CPU
		Release|Any CPU = Release|Any CPU
	EndGlobalSection
	GlobalSection(ProjectConfigurationPlatforms) = postSolution
		{A177C9CA-4B84-43F9-8B56-BF18A20B3FB1}.Debug|Any CPU.ActiveCfg = Debug|Any CPU
		{A177C9CA-4B84-43F9-8B56-BF18A20B3FB1}.Debug|Any CPU.Build.0 = Debug|Any CPU
		{A177C9CA-4B84-43F9-8B56-BF18A20B3FB1}.Release|Any CPU.ActiveCfg = Release|Any CPU
		{A177C9CA-4B84-43F9-8B56-BF18A20B3FB1}.Release|Any CPU.Build.0 = Release|Any CPU
	EndGlobalSection
	GlobalSection(SolutionProperties) = preSolution
		HideSolutionNode = FALSE
	EndGlobalSection
	GlobalSection(ExtensibilityGlobals) = postSolution
		SolutionGuid = {0166BC40-F6E0-426F-B115-A63DAFF5DAB8}
	EndGlobalSection
EndGlobal
