
Microsoft Visual Studio Solution File, Format Version 12.00
# Visual Studio 15
VisualStudioVersion = 15.0.28307.645
MinimumVisualStudioVersion = 10.0.40219.1
Project("{FAE04EC0-301F-11D3-BF4B-00C04F79EFBC}") = "CuriousDriveWebClient_V1", "CuriousDriveWebClient_V1\CuriousDriveWebClient_V1.csproj", "{5303CC6A-5F22-42CE-B0A7-9DB3E7C034E4}"
EndProject
Global
	GlobalSection(SolutionConfigurationPlatforms) = preSolution
		Debug|Any CPU = Debug|Any CPU
		Release|Any CPU = Release|Any CPU
	EndGlobalSection
	GlobalSection(ProjectConfigurationPlatforms) = postSolution
		{5303CC6A-5F22-42CE-B0A7-9DB3E7C034E4}.Debug|Any CPU.ActiveCfg = Debug|Any CPU
		{5303CC6A-5F22-42CE-B0A7-9DB3E7C034E4}.Debug|Any CPU.Build.0 = Debug|Any CPU
		{5303CC6A-5F22-42CE-B0A7-9DB3E7C034E4}.Release|Any CPU.ActiveCfg = Release|Any CPU
		{5303CC6A-5F22-42CE-B0A7-9DB3E7C034E4}.Release|Any CPU.Build.0 = Release|Any CPU
	EndGlobalSection
	GlobalSection(SolutionProperties) = preSolution
		HideSolutionNode = FALSE
	EndGlobalSection
	GlobalSection(ExtensibilityGlobals) = postSolution
		SolutionGuid = {09A5123F-1028-4514-AC8A-3204961C7C86}
	EndGlobalSection
EndGlobal
